// !$*UTF8*$!
{
	archiveVersion = 1;
	classes = {
	};
	objectVersion = 46;
	objects = {

/* Begin PBXBuildFile section */
		0F2C43CC1DE4B6A20076D74F /* autokbisw in CopyFiles */ = {isa = PBXBuildFile; fileRef = 0F81A5041DE48BA7007372C9 /* autokbisw */; settings = {ATTRIBUTES = (CodeSignOnCopy, ); }; };
		0F81A5141DE48C7A007372C9 /* IOKit.framework in Frameworks */ = {isa = PBXBuildFile; fileRef = 0F81A5131DE48C7A007372C9 /* IOKit.framework */; };
		0FB8D5BC1DE6F3B9006EA5A5 /* main.swift in Sources */ = {isa = PBXBuildFile; fileRef = 0F81A5151DE48CDB007372C9 /* main.swift */; };
		0FB8D5BD1DE6F3B9006EA5A5 /* IOKeyEventMonitor.swift in Sources */ = {isa = PBXBuildFile; fileRef = 0F2C43CF1DE5CC440076D74F /* IOKeyEventMonitor.swift */; };
/* End PBXBuildFile section */

/* Begin PBXCopyFilesBuildPhase section */
		0F81A5021DE48BA6007372C9 /* CopyFiles */ = {
			isa = PBXCopyFilesBuildPhase;
			buildActionMask = 12;
			dstPath = Users/jean/dev/opt/autokbis;
			dstSubfolderSpec = 6;
			files = (
				0F2C43CC1DE4B6A20076D74F /* autokbisw in CopyFiles */,
			);
			runOnlyForDeploymentPostprocessing = 0;
		};
/* End PBXCopyFilesBuildPhase section */

/* Begin PBXFileReference section */
		0F2C43CE1DE4B7DA0076D74F /* Info.plist */ = {isa = PBXFileReference; fileEncoding = 4; lastKnownFileType = text.plist.xml; path = Info.plist; sourceTree = "<group>"; };
		0F2C43CF1DE5CC440076D74F /* IOKeyEventMonitor.swift */ = {isa = PBXFileReference; fileEncoding = 4; lastKnownFileType = sourcecode.swift; path = IOKeyEventMonitor.swift; sourceTree = "<group>"; };
		0F81A5041DE48BA7007372C9 /* autokbisw */ = {isa = PBXFileReference; explicitFileType = "compiled.mach-o.executable"; includeInIndex = 0; path = autokbisw; sourceTree = BUILT_PRODUCTS_DIR; };
		0F81A50F1DE48C2F007372C9 /* autokbisw-Bridging-Header.h */ = {isa = PBXFileReference; lastKnownFileType = sourcecode.c.h; path = "autokbisw-Bridging-Header.h"; sourceTree = "<group>"; };
		0F81A5131DE48C7A007372C9 /* IOKit.framework */ = {isa = PBXFileReference; lastKnownFileType = wrapper.framework; name = IOKit.framework; path = System/Library/Frameworks/IOKit.framework; sourceTree = SDKROOT; };
		0F81A5151DE48CDB007372C9 /* main.swift */ = {isa = PBXFileReference; fileEncoding = 4; lastKnownFileType = sourcecode.swift; path = main.swift; sourceTree = "<group>"; };
/* End PBXFileReference section */

/* Begin PBXFrameworksBuildPhase section */
		0F81A5011DE48BA6007372C9 /* Frameworks */ = {
			isa = PBXFrameworksBuildPhase;
			buildActionMask = 2147483647;
			files = (
				0F81A5141DE48C7A007372C9 /* IOKit.framework in Frameworks */,
			);
			runOnlyForDeploymentPostprocessing = 0;
		};
/* End PBXFrameworksBuildPhase section */

/* Begin PBXGroup section */
		0F81A4FB1DE48BA6007372C9 = {
			isa = PBXGroup;
			children = (
				0F81A5061DE48BA7007372C9 /* autokbisw */,
				0F81A5051DE48BA7007372C9 /* Products */,
				0F81A5121DE48C79007372C9 /* Frameworks */,
			);
			indentWidth = 2;
			sourceTree = "<group>";
		};
		0F81A5051DE48BA7007372C9 /* Products */ = {
			isa = PBXGroup;
			children = (
				0F81A5041DE48BA7007372C9 /* autokbisw */,
			);
			name = Products;
			sourceTree = "<group>";
		};
		0F81A5061DE48BA7007372C9 /* autokbisw */ = {
			isa = PBXGroup;
			children = (
				0F81A50F1DE48C2F007372C9 /* autokbisw-Bridging-Header.h */,
				0F81A5151DE48CDB007372C9 /* main.swift */,
				0F2C43CE1DE4B7DA0076D74F /* Info.plist */,
				0F2C43CF1DE5CC440076D74F /* IOKeyEventMonitor.swift */,
			);
			path = autokbisw;
			sourceTree = "<group>";
		};
		0F81A5121DE48C79007372C9 /* Frameworks */ = {
			isa = PBXGroup;
			children = (
				0F81A5131DE48C7A007372C9 /* IOKit.framework */,
			);
			name = Frameworks;
			sourceTree = "<group>";
		};
/* End PBXGroup section */

/* Begin PBXNativeTarget section */
		0F81A5031DE48BA6007372C9 /* autokbisw */ = {
			isa = PBXNativeTarget;
			buildConfigurationList = 0F81A50B1DE48BA7007372C9 /* Build configuration list for PBXNativeTarget "autokbisw" */;
			buildPhases = (
				0F81A5001DE48BA6007372C9 /* Sources */,
				0F81A5011DE48BA6007372C9 /* Frameworks */,
				0F81A5021DE48BA6007372C9 /* CopyFiles */,
			);
			buildRules = (
			);
			dependencies = (
			);
			name = autokbisw;
			productName = autokbis;
			productReference = 0F81A5041DE48BA7007372C9 /* autokbisw */;
			productType = "com.apple.product-type.tool";
		};
/* End PBXNativeTarget section */

/* Begin PBXProject section */
		0F81A4FC1DE48BA6007372C9 /* Project object */ = {
			isa = PBXProject;
			attributes = {
				LastSwiftUpdateCheck = 0810;
				LastUpgradeCheck = 0810;
				ORGANIZATIONNAME = eu.byjean;
				TargetAttributes = {
					0F81A5031DE48BA6007372C9 = {
						CreatedOnToolsVersion = 8.1;
						DevelopmentTeam = KU7V9N4S7T;
						LastSwiftMigration = 0810;
						ProvisioningStyle = Automatic;
					};
				};
			};
			buildConfigurationList = 0F81A4FF1DE48BA6007372C9 /* Build configuration list for PBXProject "autokbisw" */;
			compatibilityVersion = "Xcode 3.2";
			developmentRegion = English;
			hasScannedForEncodings = 0;
			knownRegions = (
				en,
			);
			mainGroup = 0F81A4FB1DE48BA6007372C9;
			productRefGroup = 0F81A5051DE48BA7007372C9 /* Products */;
			projectDirPath = "";
			projectRoot = "";
			targets = (
				0F81A5031DE48BA6007372C9 /* autokbisw */,
			);
		};
/* End PBXProject section */

/* Begin PBXSourcesBuildPhase section */
		0F81A5001DE48BA6007372C9 /* Sources */ = {
			isa = PBXSourcesBuildPhase;
			buildActionMask = 2147483647;
			files = (
				0FB8D5BC1DE6F3B9006EA5A5 /* main.swift in Sources */,
				0FB8D5BD1DE6F3B9006EA5A5 /* IOKeyEventMonitor.swift in Sources */,
			);
			runOnlyForDeploymentPostprocessing = 0;
		};
/* End PBXSourcesBuildPhase section */

/* Begin XCBuildConfiguration section */
		0F81A5091DE48BA7007372C9 /* Debug */ = {
			isa = XCBuildConfiguration;
			buildSettings = {
				ALWAYS_SEARCH_USER_PATHS = NO;
				CLANG_ANALYZER_NONNULL = YES;
				CLANG_CXX_LANGUAGE_STANDARD = "gnu++0x";
				CLANG_CXX_LIBRARY = "libc++";
				CLANG_ENABLE_MODULES = YES;
				CLANG_ENABLE_OBJC_ARC = YES;
				CLANG_WARN_BOOL_CONVERSION = YES;
				CLANG_WARN_CONSTANT_CONVERSION = YES;
				CLANG_WARN_DIRECT_OBJC_ISA_USAGE = YES_ERROR;
				CLANG_WARN_DOCUMENTATION_COMMENTS = YES;
				CLANG_WARN_EMPTY_BODY = YES;
				CLANG_WARN_ENUM_CONVERSION = YES;
				CLANG_WARN_INFINITE_RECURSION = YES;
				CLANG_WARN_INT_CONVERSION = YES;
				CLANG_WARN_OBJC_ROOT_CLASS = YES_ERROR;
				CLANG_WARN_SUSPICIOUS_MOVES = YES;
				CLANG_WARN_UNREACHABLE_CODE = YES;
				CLANG_WARN__DUPLICATE_METHOD_MATCH = YES;
				CODE_SIGN_IDENTITY = "-";
				COPY_PHASE_STRIP = NO;
				DEBUG_INFORMATION_FORMAT = dwarf;
				ENABLE_STRICT_OBJC_MSGSEND = YES;
				ENABLE_TESTABILITY = YES;
				GCC_C_LANGUAGE_STANDARD = gnu99;
				GCC_DYNAMIC_NO_PIC = NO;
				GCC_NO_COMMON_BLOCKS = YES;
				GCC_OPTIMIZATION_LEVEL = 0;
				GCC_PREPROCESSOR_DEFINITIONS = (
					"DEBUG=1",
					"$(inherited)",
				);
				GCC_WARN_64_TO_32_BIT_CONVERSION = YES;
				GCC_WARN_ABOUT_RETURN_TYPE = YES_ERROR;
				GCC_WARN_UNDECLARED_SELECTOR = YES;
				GCC_WARN_UNINITIALIZED_AUTOS = YES_AGGRESSIVE;
				GCC_WARN_UNUSED_FUNCTION = YES;
				GCC_WARN_UNUSED_VARIABLE = YES;
				MACOSX_DEPLOYMENT_TARGET = 10.11;
				MTL_ENABLE_DEBUG_INFO = YES;
				ONLY_ACTIVE_ARCH = YES;
				SDKROOT = macosx;
				SWIFT_OPTIMIZATION_LEVEL = "-Onone";
			};
			name = Debug;
		};
		0F81A50A1DE48BA7007372C9 /* Release */ = {
			isa = XCBuildConfiguration;
			buildSettings = {
				ALWAYS_SEARCH_USER_PATHS = NO;
				CLANG_ANALYZER_NONNULL = YES;
				CLANG_CXX_LANGUAGE_STANDARD = "gnu++0x";
				CLANG_CXX_LIBRARY = "libc++";
				CLANG_ENABLE_MODULES = YES;
				CLANG_ENABLE_OBJC_ARC = YES;
				CLANG_WARN_BOOL_CONVERSION = YES;
				CLANG_WARN_CONSTANT_CONVERSION = YES;
				CLANG_WARN_DIRECT_OBJC_ISA_USAGE = YES_ERROR;
				CLANG_WARN_DOCUMENTATION_COMMENTS = YES;
				CLANG_WARN_EMPTY_BODY = YES;
				CLANG_WARN_ENUM_CONVERSION = YES;
				CLANG_WARN_INFINITE_RECURSION = YES;
				CLANG_WARN_INT_CONVERSION = YES;
				CLANG_WARN_OBJC_ROOT_CLASS = YES_ERROR;
				CLANG_WARN_SUSPICIOUS_MOVES = YES;
				CLANG_WARN_UNREACHABLE_CODE = YES;
				CLANG_WARN__DUPLICATE_METHOD_MATCH = YES;
				CODE_SIGN_IDENTITY = "-";
				COPY_PHASE_STRIP = NO;
				DEBUG_INFORMATION_FORMAT = "dwarf-with-dsym";
				ENABLE_NS_ASSERTIONS = NO;
				ENABLE_STRICT_OBJC_MSGSEND = YES;
				GCC_C_LANGUAGE_STANDARD = gnu99;
				GCC_NO_COMMON_BLOCKS = YES;
				GCC_WARN_64_TO_32_BIT_CONVERSION = YES;
				GCC_WARN_ABOUT_RETURN_TYPE = YES_ERROR;
				GCC_WARN_UNDECLARED_SELECTOR = YES;
				GCC_WARN_UNINITIALIZED_AUTOS = YES_AGGRESSIVE;
				GCC_WARN_UNUSED_FUNCTION = YES;
				GCC_WARN_UNUSED_VARIABLE = YES;
				MACOSX_DEPLOYMENT_TARGET = 10.11;
				MTL_ENABLE_DEBUG_INFO = NO;
				SDKROOT = macosx;
			};
			name = Release;
		};
		0F81A50C1DE48BA7007372C9 /* Debug */ = {
			isa = XCBuildConfiguration;
			buildSettings = {
				CLANG_ENABLE_MODULES = YES;
				CODE_SIGN_IDENTITY = "Mac Developer";
				DEVELOPMENT_TEAM = KU7V9N4S7T;
				LD_RUNPATH_SEARCH_PATHS = "$(inherited) @executable_path/../Frameworks @loader_path/../Frameworks";
				PRODUCT_NAME = "$(TARGET_NAME)";
				SWIFT_OBJC_BRIDGING_HEADER = "autokbisw/autokbisw-Bridging-Header.h";
				SWIFT_OPTIMIZATION_LEVEL = "-Onone";
				SWIFT_VERSION = 3.0.1;
			};
			name = Debug;
		};
		0F81A50D1DE48BA7007372C9 /* Release */ = {
			isa = XCBuildConfiguration;
			buildSettings = {
				CLANG_ENABLE_MODULES = YES;
				CODE_SIGN_IDENTITY = "Mac Developer";
				DEVELOPMENT_TEAM = KU7V9N4S7T;
				LD_RUNPATH_SEARCH_PATHS = "$(inherited) @executable_path/../Frameworks @loader_path/../Frameworks";
				PRODUCT_NAME = "$(TARGET_NAME)";
				SWIFT_OBJC_BRIDGING_HEADER = "autokbisw/autokbisw-Bridging-Header.h";
				SWIFT_VERSION = 3.0.1;
			};
			name = Release;
		};
/* End XCBuildConfiguration section */

/* Begin XCConfigurationList section */
		0F81A4FF1DE48BA6007372C9 /* Build configuration list for PBXProject "autokbisw" */ = {
			isa = XCConfigurationList;
			buildConfigurations = (
				0F81A5091DE48BA7007372C9 /* Debug */,
				0F81A50A1DE48BA7007372C9 /* Release */,
			);
			defaultConfigurationIsVisible = 0;
			defaultConfigurationName = Release;
		};
		0F81A50B1DE48BA7007372C9 /* Build configuration list for PBXNativeTarget "autokbisw" */ = {
			isa = XCConfigurationList;
			buildConfigurations = (
				0F81A50C1DE48BA7007372C9 /* Debug */,
				0F81A50D1DE48BA7007372C9 /* Release */,
			);
			defaultConfigurationIsVisible = 0;
			defaultConfigurationName = Release;
		};
/* End XCConfigurationList section */
	};
	rootObject = 0F81A4FC1DE48BA6007372C9 /* Project object */;
}
